
Microsoft Visual Studio Solution File, Format Version 12.00
# Visual Studio Version 17
VisualStudioVersion = 17.9.34728.123
MinimumVisualStudioVersion = 10.0.40219.1
Project("{FAE04EC0-301F-11D3-BF4B-00C04F79EFBC}") = "LeetCodeChallenges", "LeetCodeChallenges.csproj", "{419AFC25-A90B-4C36-99B4-04A07D3671F6}"
EndProject
Global
	GlobalSection(SolutionConfigurationPlatforms) = preSolution
		Debug|Any CPU = Debug|Any CPU
		Release|Any CPU = Release|Any CPU
	EndGlobalSection
	GlobalSection(ProjectConfigurationPlatforms) = postSolution
		{419AFC25-A90B-4C36-99B4-04A07D3671F6}.Debug|Any CPU.ActiveCfg = Debug|Any CPU
		{419AFC25-A90B-4C36-99B4-04A07D3671F6}.Debug|Any CPU.Build.0 = Debug|Any CPU
		{419AFC25-A90B-4C36-99B4-04A07D3671F6}.Release|Any CPU.ActiveCfg = Release|Any CPU
		{419AFC25-A90B-4C36-99B4-04A07D3671F6}.Release|Any CPU.Build.0 = Release|Any CPU
	EndGlobalSection
	GlobalSection(SolutionProperties) = preSolution
		HideSolutionNode = FALSE
	EndGlobalSection
	GlobalSection(ExtensibilityGlobals) = postSolution
		SolutionGuid = {D912FB41-61B2-46B6-8843-B7CCC3B57F1D}
	EndGlobalSection
EndGlobal
